
Microsoft Visual Studio Solution File, Format Version 12.00
# Visual Studio Version 17
VisualStudioVersion = 17.13.35913.81 d17.13
MinimumVisualStudioVersion = 10.0.40219.1
Project("{FAE04EC0-301F-11D3-BF4B-00C04F79EFBC}") = "ContactList", "ContactList\ContactList.csproj", "{BED900A2-CD2D-4966-A5C7-AB8FD4973B71}"
EndProject
Global
	GlobalSection(SolutionConfigurationPlatforms) = preSolution
		Debug|Any CPU = Debug|Any CPU
		Release|Any CPU = Release|Any CPU
	EndGlobalSection
	GlobalSection(ProjectConfigurationPlatforms) = postSolution
		{BED900A2-CD2D-4966-A5C7-AB8FD4973B71}.Debug|Any CPU.ActiveCfg = Debug|Any CPU
		{BED900A2-CD2D-4966-A5C7-AB8FD4973B71}.Debug|Any CPU.Build.0 = Debug|Any CPU
		{BED900A2-CD2D-4966-A5C7-AB8FD4973B71}.Release|Any CPU.ActiveCfg = Release|Any CPU
		{BED900A2-CD2D-4966-A5C7-AB8FD4973B71}.Release|Any CPU.Build.0 = Release|Any CPU
	EndGlobalSection
	GlobalSection(SolutionProperties) = preSolution
		HideSolutionNode = FALSE
	EndGlobalSection
	GlobalSection(ExtensibilityGlobals) = postSolution
		SolutionGuid = {B522FD30-55D2-4756-B92A-5D18EF25C5EE}
	EndGlobalSection
EndGlobal
